
Microsoft Visual Studio Solution File, Format Version 12.00
# Visual Studio Version 17
VisualStudioVersion = 17.5.33516.290
MinimumVisualStudioVersion = 10.0.40219.1
Project("{FAE04EC0-301F-11D3-BF4B-00C04F79EFBC}") = "FPTBook", "FPTBook\FPTBook.csproj", "{002BD9E6-9C90-4C00-A397-FA98899EC33E}"
EndProject
Global
	GlobalSection(SolutionConfigurationPlatforms) = preSolution
		Debug|Any CPU = Debug|Any CPU
		Release|Any CPU = Release|Any CPU
	EndGlobalSection
	GlobalSection(ProjectConfigurationPlatforms) = postSolution
		{002BD9E6-9C90-4C00-A397-FA98899EC33E}.Debug|Any CPU.ActiveCfg = Debug|Any CPU
		{002BD9E6-9C90-4C00-A397-FA98899EC33E}.Debug|Any CPU.Build.0 = Debug|Any CPU
		{002BD9E6-9C90-4C00-A397-FA98899EC33E}.Release|Any CPU.ActiveCfg = Release|Any CPU
		{002BD9E6-9C90-4C00-A397-FA98899EC33E}.Release|Any CPU.Build.0 = Release|Any CPU
	EndGlobalSection
	GlobalSection(SolutionProperties) = preSolution
		HideSolutionNode = FALSE
	EndGlobalSection
	GlobalSection(ExtensibilityGlobals) = postSolution
		SolutionGuid = {DC906F17-0EAC-4D32-864E-021A6F75ED9B}
	EndGlobalSection
EndGlobal
